
Microsoft Visual Studio Solution File, Format Version 12.00
# Visual Studio Version 17
VisualStudioVersion = 17.8.34525.116
MinimumVisualStudioVersion = 10.0.40219.1
Project("{54A90642-561A-4BB1-A94E-469ADEE60C69}") = "profile", "Profile\profile.esproj", "{8A1832A7-2414-47C3-8929-A3D8E21C997B}"
EndProject
Global
	GlobalSection(SolutionConfigurationPlatforms) = preSolution
		Debug|Any CPU = Debug|Any CPU
		Release|Any CPU = Release|Any CPU
	EndGlobalSection
	GlobalSection(ProjectConfigurationPlatforms) = postSolution
		{8A1832A7-2414-47C3-8929-A3D8E21C997B}.Debug|Any CPU.ActiveCfg = Debug|Any CPU
		{8A1832A7-2414-47C3-8929-A3D8E21C997B}.Debug|Any CPU.Build.0 = Debug|Any CPU
		{8A1832A7-2414-47C3-8929-A3D8E21C997B}.Debug|Any CPU.Deploy.0 = Debug|Any CPU
		{8A1832A7-2414-47C3-8929-A3D8E21C997B}.Release|Any CPU.ActiveCfg = Release|Any CPU
		{8A1832A7-2414-47C3-8929-A3D8E21C997B}.Release|Any CPU.Build.0 = Release|Any CPU
		{8A1832A7-2414-47C3-8929-A3D8E21C997B}.Release|Any CPU.Deploy.0 = Release|Any CPU
	EndGlobalSection
	GlobalSection(SolutionProperties) = preSolution
		HideSolutionNode = FALSE
	EndGlobalSection
	GlobalSection(ExtensibilityGlobals) = postSolution
		SolutionGuid = {1F15E39F-2FDF-4081-9BA4-8ECDCF3ACB91}
	EndGlobalSection
EndGlobal
